
Microsoft Visual Studio Solution File, Format Version 12.00
# Visual Studio Version 17
VisualStudioVersion = 17.2.32602.215
MinimumVisualStudioVersion = 10.0.40219.1
Project("{9A19103F-16F7-4668-BE54-9A1E7A4F7556}") = "TDDNet6.API", "src\webApi\TDDNet6.API\TDDNet6.API.csproj", "{6F0D7791-A119-46B2-AEAE-CBDA79F71E79}"
EndProject
Project("{9A19103F-16F7-4668-BE54-9A1E7A4F7556}") = "TDDNet6.Tests", "src\Tests\TDDNet6.Tests\TDDNet6.Tests.csproj", "{3B8F5161-ADC0-48D4-A873-C6B1F95BC3CE}"
EndProject
Project("{2150E333-8FDC-42A3-9474-1A3956D46DE8}") = "Solution Items", "Solution Items", "{A9E82FB8-F154-4A4F-8AB7-4DEF3350B91D}"
	ProjectSection(SolutionItems) = preProject
		..\MinimalAPI\.gitignore = ..\MinimalAPI\.gitignore
	EndProjectSection
EndProject
Project("{9A19103F-16F7-4668-BE54-9A1E7A4F7556}") = "TDDNet6.Services", "src\Libraries\Services\TDDNet6.Services.csproj", "{010B9A93-3C87-4190-BDC9-E50B806AAACC}"
EndProject
Project("{2150E333-8FDC-42A3-9474-1A3956D46DE8}") = "webApi", "webApi", "{E379FA96-C28E-4FDD-84D4-09D181039510}"
EndProject
Project("{2150E333-8FDC-42A3-9474-1A3956D46DE8}") = "Libraries", "Libraries", "{6CA28566-E0A4-4E95-A3BC-DBAC92DCBBD2}"
EndProject
Project("{2150E333-8FDC-42A3-9474-1A3956D46DE8}") = "Tests", "Tests", "{9A7DD80F-985E-440F-A2C6-54777304149D}"
EndProject
Project("{9A19103F-16F7-4668-BE54-9A1E7A4F7556}") = "TDDNet6.Models", "src\Libraries\Models\TDDNet6.Models.csproj", "{294DD152-2A1E-4910-BB2B-DBC211EEC988}"
EndProject
Project("{2150E333-8FDC-42A3-9474-1A3956D46DE8}") = "Source", "Source", "{A38F6E47-F6B0-495D-BA04-F9A317D002D3}"
EndProject
Global
	GlobalSection(SolutionConfigurationPlatforms) = preSolution
		Debug|Any CPU = Debug|Any CPU
		Release|Any CPU = Release|Any CPU
	EndGlobalSection
	GlobalSection(ProjectConfigurationPlatforms) = postSolution
		{6F0D7791-A119-46B2-AEAE-CBDA79F71E79}.Debug|Any CPU.ActiveCfg = Debug|Any CPU
		{6F0D7791-A119-46B2-AEAE-CBDA79F71E79}.Debug|Any CPU.Build.0 = Debug|Any CPU
		{6F0D7791-A119-46B2-AEAE-CBDA79F71E79}.Release|Any CPU.ActiveCfg = Release|Any CPU
		{6F0D7791-A119-46B2-AEAE-CBDA79F71E79}.Release|Any CPU.Build.0 = Release|Any CPU
		{3B8F5161-ADC0-48D4-A873-C6B1F95BC3CE}.Debug|Any CPU.ActiveCfg = Debug|Any CPU
		{3B8F5161-ADC0-48D4-A873-C6B1F95BC3CE}.Debug|Any CPU.Build.0 = Debug|Any CPU
		{3B8F5161-ADC0-48D4-A873-C6B1F95BC3CE}.Release|Any CPU.ActiveCfg = Release|Any CPU
		{3B8F5161-ADC0-48D4-A873-C6B1F95BC3CE}.Release|Any CPU.Build.0 = Release|Any CPU
		{010B9A93-3C87-4190-BDC9-E50B806AAACC}.Debug|Any CPU.ActiveCfg = Debug|Any CPU
		{010B9A93-3C87-4190-BDC9-E50B806AAACC}.Debug|Any CPU.Build.0 = Debug|Any CPU
		{010B9A93-3C87-4190-BDC9-E50B806AAACC}.Release|Any CPU.ActiveCfg = Release|Any CPU
		{010B9A93-3C87-4190-BDC9-E50B806AAACC}.Release|Any CPU.Build.0 = Release|Any CPU
		{294DD152-2A1E-4910-BB2B-DBC211EEC988}.Debug|Any CPU.ActiveCfg = Debug|Any CPU
		{294DD152-2A1E-4910-BB2B-DBC211EEC988}.Debug|Any CPU.Build.0 = Debug|Any CPU
		{294DD152-2A1E-4910-BB2B-DBC211EEC988}.Release|Any CPU.ActiveCfg = Release|Any CPU
		{294DD152-2A1E-4910-BB2B-DBC211EEC988}.Release|Any CPU.Build.0 = Release|Any CPU
	EndGlobalSection
	GlobalSection(SolutionProperties) = preSolution
		HideSolutionNode = FALSE
	EndGlobalSection
	GlobalSection(NestedProjects) = preSolution
		{6F0D7791-A119-46B2-AEAE-CBDA79F71E79} = {E379FA96-C28E-4FDD-84D4-09D181039510}
		{3B8F5161-ADC0-48D4-A873-C6B1F95BC3CE} = {9A7DD80F-985E-440F-A2C6-54777304149D}
		{010B9A93-3C87-4190-BDC9-E50B806AAACC} = {6CA28566-E0A4-4E95-A3BC-DBAC92DCBBD2}
		{E379FA96-C28E-4FDD-84D4-09D181039510} = {A38F6E47-F6B0-495D-BA04-F9A317D002D3}
		{6CA28566-E0A4-4E95-A3BC-DBAC92DCBBD2} = {A38F6E47-F6B0-495D-BA04-F9A317D002D3}
		{294DD152-2A1E-4910-BB2B-DBC211EEC988} = {6CA28566-E0A4-4E95-A3BC-DBAC92DCBBD2}
	EndGlobalSection
	GlobalSection(ExtensibilityGlobals) = postSolution
		SolutionGuid = {EA81FF21-A1DE-4F5C-BD89-184E312EFA79}
	EndGlobalSection
EndGlobal
